
Microsoft Visual Studio Solution File, Format Version 12.00
# Visual Studio 15
VisualStudioVersion = 15.0.28010.2046
MinimumVisualStudioVersion = 10.0.40219.1
Project("{9A19103F-16F7-4668-BE54-9A1E7A4F7556}") = "KolveniershofAPI", "KolveniershofAPI\KolveniershofAPI.csproj", "{81682943-0BFB-4E1F-A9C9-6B916624AAEC}"
EndProject
Project("{FAE04EC0-301F-11D3-BF4B-00C04F79EFBC}") = "KolveniershofAPI.Test", "KolveniershofAPI.Test\KolveniershofAPI.Test.csproj", "{8A1025C5-FC18-481F-9AF7-0E963A59DEB2}"
EndProject
Global
	GlobalSection(SolutionConfigurationPlatforms) = preSolution
		Debug|Any CPU = Debug|Any CPU
		Release|Any CPU = Release|Any CPU
	EndGlobalSection
	GlobalSection(ProjectConfigurationPlatforms) = postSolution
		{81682943-0BFB-4E1F-A9C9-6B916624AAEC}.Debug|Any CPU.ActiveCfg = Debug|Any CPU
		{81682943-0BFB-4E1F-A9C9-6B916624AAEC}.Debug|Any CPU.Build.0 = Debug|Any CPU
		{81682943-0BFB-4E1F-A9C9-6B916624AAEC}.Release|Any CPU.ActiveCfg = Release|Any CPU
		{81682943-0BFB-4E1F-A9C9-6B916624AAEC}.Release|Any CPU.Build.0 = Release|Any CPU
		{8A1025C5-FC18-481F-9AF7-0E963A59DEB2}.Debug|Any CPU.ActiveCfg = Debug|Any CPU
		{8A1025C5-FC18-481F-9AF7-0E963A59DEB2}.Debug|Any CPU.Build.0 = Debug|Any CPU
		{8A1025C5-FC18-481F-9AF7-0E963A59DEB2}.Release|Any CPU.ActiveCfg = Release|Any CPU
		{8A1025C5-FC18-481F-9AF7-0E963A59DEB2}.Release|Any CPU.Build.0 = Release|Any CPU
	EndGlobalSection
	GlobalSection(SolutionProperties) = preSolution
		HideSolutionNode = FALSE
	EndGlobalSection
	GlobalSection(ExtensibilityGlobals) = postSolution
		SolutionGuid = {C75D9590-B85D-4C64-A80D-7AF940A71AC0}
	EndGlobalSection
EndGlobal
